
Microsoft Visual Studio Solution File, Format Version 12.00
# Visual Studio Version 16
VisualStudioVersion = 16.0.31105.61
MinimumVisualStudioVersion = 10.0.40219.1
Project("{9A19103F-16F7-4668-BE54-9A1E7A4F7556}") = "backend", "backend.csproj", "{9CF6FCCF-457B-439B-A7F6-5F4A90DED300}"
EndProject
Project("{E53339B2-1760-4266-BCC7-CA923CBCF16C}") = "docker-compose", "docker-compose.dcproj", "{B7F555E5-14EB-4A82-8AC2-9FA55F34BBA4}"
EndProject
Global
	GlobalSection(SolutionConfigurationPlatforms) = preSolution
		Debug|Any CPU = Debug|Any CPU
		Release|Any CPU = Release|Any CPU
	EndGlobalSection
	GlobalSection(ProjectConfigurationPlatforms) = postSolution
		{9CF6FCCF-457B-439B-A7F6-5F4A90DED300}.Debug|Any CPU.ActiveCfg = Debug|Any CPU
		{9CF6FCCF-457B-439B-A7F6-5F4A90DED300}.Release|Any CPU.ActiveCfg = Release|Any CPU
		{9CF6FCCF-457B-439B-A7F6-5F4A90DED300}.Release|Any CPU.Build.0 = Release|Any CPU
		{B7F555E5-14EB-4A82-8AC2-9FA55F34BBA4}.Debug|Any CPU.ActiveCfg = Debug|Any CPU
		{B7F555E5-14EB-4A82-8AC2-9FA55F34BBA4}.Release|Any CPU.ActiveCfg = Release|Any CPU
		{B7F555E5-14EB-4A82-8AC2-9FA55F34BBA4}.Release|Any CPU.Build.0 = Release|Any CPU
	EndGlobalSection
	GlobalSection(SolutionProperties) = preSolution
		HideSolutionNode = FALSE
	EndGlobalSection
	GlobalSection(ExtensibilityGlobals) = postSolution
		SolutionGuid = {B1C665E6-44E9-4F0A-A315-CD44F339298C}
	EndGlobalSection
EndGlobal
